{
  "version": 4,
  "terraform_version": "1.3.9",
  "serial": 9,
  "lineage": "bca4f48a-2142-eca0-9efe-2e274774cc31",
  "outputs": {
    "kubernetes_cluster_host": {
      "value": "35.203.24.239",
      "type": "string"
    },
    "kubernetes_cluster_name": {
      "value": "hammer-node-pool-non-preemptible",
      "type": "string"
    },
    "project_id": {
      "value": "acn-pt-sandbox-379816",
      "type": "string"
    },
    "region": {
      "value": "northamerica-northeast1",
      "type": "string"
    }
  },
  "resources": [
    {
      "mode": "managed",
      "type": "google_compute_network",
      "name": "vpc",
      "provider": "provider[\"registry.terraform.io/hashicorp/google\"]",
      "instances": [
        {
          "schema_version": 0,
          "attributes": {
            "auto_create_subnetworks": false,
            "delete_default_routes_on_create": false,
            "description": "",
            "enable_ula_internal_ipv6": false,
            "gateway_ipv4": "",
            "id": "projects/acn-pt-sandbox-379816/global/networks/acn-pt-sandbox-379816-vpc",
            "internal_ipv6_range": "",
            "mtu": 0,
            "name": "acn-pt-sandbox-379816-vpc",
            "project": "acn-pt-sandbox-379816",
            "routing_mode": "REGIONAL",
            "self_link": "https://www.googleapis.com/compute/v1/projects/acn-pt-sandbox-379816/global/networks/acn-pt-sandbox-379816-vpc",
            "timeouts": null
          },
          "sensitive_attributes": [],
          "private": "eyJlMmJmYjczMC1lY2FhLTExZTYtOGY4OC0zNDM2M2JjN2M0YzAiOnsiY3JlYXRlIjoxMjAwMDAwMDAwMDAwLCJkZWxldGUiOjEyMDAwMDAwMDAwMDAsInVwZGF0ZSI6MTIwMDAwMDAwMDAwMH19"
        }
      ]
    },
    {
      "mode": "managed",
      "type": "google_compute_subnetwork",
      "name": "subnet",
      "provider": "provider[\"registry.terraform.io/hashicorp/google\"]",
      "instances": [
        {
          "schema_version": 0,
          "attributes": {
            "creation_timestamp": "2023-03-07T06:43:37.234-08:00",
            "description": "",
            "external_ipv6_prefix": "",
            "fingerprint": null,
            "gateway_address": "10.10.0.1",
            "id": "projects/acn-pt-sandbox-379816/regions/northamerica-northeast1/subnetworks/acn-pt-sandbox-379816-subnet",
            "ip_cidr_range": "10.10.0.0/24",
            "ipv6_access_type": "",
            "ipv6_cidr_range": "",
            "log_config": [],
            "name": "acn-pt-sandbox-379816-subnet",
            "network": "https://www.googleapis.com/compute/v1/projects/acn-pt-sandbox-379816/global/networks/acn-pt-sandbox-379816-vpc",
            "private_ip_google_access": false,
            "private_ipv6_google_access": "DISABLE_GOOGLE_ACCESS",
            "project": "acn-pt-sandbox-379816",
            "purpose": "PRIVATE",
            "region": "northamerica-northeast1",
            "role": "",
            "secondary_ip_range": [],
            "self_link": "https://www.googleapis.com/compute/v1/projects/acn-pt-sandbox-379816/regions/northamerica-northeast1/subnetworks/acn-pt-sandbox-379816-subnet",
            "stack_type": "IPV4_ONLY",
            "timeouts": null
          },
          "sensitive_attributes": [],
          "private": "eyJlMmJmYjczMC1lY2FhLTExZTYtOGY4OC0zNDM2M2JjN2M0YzAiOnsiY3JlYXRlIjoxMjAwMDAwMDAwMDAwLCJkZWxldGUiOjEyMDAwMDAwMDAwMDAsInVwZGF0ZSI6MTIwMDAwMDAwMDAwMH19",
          "dependencies": [
            "google_compute_network.vpc"
          ]
        }
      ]
    },
    {
      "mode": "managed",
      "type": "google_container_cluster",
      "name": "primary",
      "provider": "provider[\"registry.terraform.io/hashicorp/google\"]",
      "instances": [
        {
          "schema_version": 1,
          "attributes": {
            "addons_config": [
              {
                "cloudrun_config": [],
                "gcp_filestore_csi_driver_config": [],
                "horizontal_pod_autoscaling": [],
                "http_load_balancing": [],
                "network_policy_config": [
                  {
                    "disabled": true
                  }
                ]
              }
            ],
            "authenticator_groups_config": [],
            "cluster_autoscaling": [
              {
                "auto_provisioning_defaults": [],
                "enabled": false,
                "resource_limits": []
              }
            ],
            "cluster_ipv4_cidr": "10.144.0.0/14",
            "confidential_nodes": [],
            "database_encryption": [
              {
                "key_name": "",
                "state": "DECRYPTED"
              }
            ],
            "datapath_provider": "",
            "default_max_pods_per_node": null,
            "default_snat_status": [
              {
                "disabled": false
              }
            ],
            "description": "",
            "dns_config": [],
            "enable_autopilot": false,
            "enable_binary_authorization": false,
            "enable_intranode_visibility": false,
            "enable_kubernetes_alpha": false,
            "enable_legacy_abac": false,
            "enable_shielded_nodes": true,
            "enable_tpu": false,
            "endpoint": "35.203.24.239",
            "id": "projects/acn-pt-sandbox-379816/locations/northamerica-northeast1-c/clusters/hammer-node-pool-non-preemptible",
            "initial_node_count": 1,
            "ip_allocation_policy": [],
            "label_fingerprint": "a9dc16a7",
            "location": "northamerica-northeast1-c",
            "logging_config": [
              {
                "enable_components": [
                  "SYSTEM_COMPONENTS",
                  "WORKLOADS"
                ]
              }
            ],
            "logging_service": "logging.googleapis.com/kubernetes",
            "maintenance_policy": [],
            "master_auth": [
              {
                "client_certificate": "",
                "client_certificate_config": [
                  {
                    "issue_client_certificate": false
                  }
                ],
                "client_key": "",
                "cluster_ca_certificate": "LS0tLS1CRUdJTiBDRVJUSUZJQ0FURS0tLS0tCk1JSUVMVENDQXBXZ0F3SUJBZ0lSQUtjeUtlRFlnQ1h6VnpCUUZHeGlWdG93RFFZSktvWklodmNOQVFFTEJRQXcKTHpFdE1Dc0dBMVVFQXhNa04yRmhNRFUzTWpndE5tRXpNUzAwTmpBd0xXSm1abU10WTJNeVpqQTNNVGs0TkRkaQpNQ0FYRFRJek1ETXdOekV6TkRNME9Gb1lEekl3TlRNd01qSTNNVFEwTXpRNFdqQXZNUzB3S3dZRFZRUURFeVEzCllXRXdOVGN5T0MwMllUTXhMVFEyTURBdFltWm1ZeTFqWXpKbU1EY3hPVGcwTjJJd2dnR2lNQTBHQ1NxR1NJYjMKRFFFQkFRVUFBNElCandBd2dnR0tBb0lCZ1FDclVoQVRRTFRZeW5iZldwTjF3UDFrZDJvdlhFN2JPZTZTVGk5QgpHSmYzTDdHb1hhWkduNDRLVWMxSGFJcG1xTlNYSzBWSFNSMit5UFZNRHh0V0hycW84eVFtTGxSN0hlQnBFWDVWCkU1TUM0TmRkUEtXczNiclNycHgzMWUwQS9PaUtHdnM1Z3RvMXRGSnhXM1F0bnJuMjRXWU1ZVUROR1ZvbENPNEsKa3ArWVpoNGpPV09wTEV5ckEyeDRJblR1dG56NFJqMXNhcEdvbEdWVEI0dTUwMTMwcnJ6L09uQ0xrcEdXM3F5cQpmNENZOGJISVdHRlFDTVpqb0lZR2MwY29oY3dFY2o0cTNWR2VRekZiWHowZFBVMVpIWlpVV1k1dkl5UGJiMHVoCjdhRVc5dEdWUDlQQ04yNFF5aHlrTHk1T3dEL3ZMVTRFZTR1TlVPZjRlV2d3OTlOb0IvT2FjMGovdTNmd3YvS1kKdzhIL0drVUNqa2hCUnRSK2t0Y3FTK29zOGdLN21EeWVZYStRUHpndWpEV1lpLzBDeFhvTyt4WGVhTEkrVStpOQpTdXFLWkp6TzdaeTJyMU1aQ05TeERCaW5rY2xhN3E0OCtHQVBCUGNudGdncTRJSVNxenFBY1pKQld0OXJteVlqClY5bmZkV1NNdGtaWmN5b1JCYjFpbHJLSERNY0NBd0VBQWFOQ01FQXdEZ1lEVlIwUEFRSC9CQVFEQWdJRU1BOEcKQTFVZEV3RUIvd1FGTUFNQkFmOHdIUVlEVlIwT0JCWUVGQlpVWC85M0J0MmdJTlF4QXJMQjFTQ3paY0d2TUEwRwpDU3FHU0liM0RRRUJDd1VBQTRJQmdRQW15TUdKeVd3YlpOclVZbytJNWFCUmd4WnoyU2ZOeGlpSC9EZWJ6ZmZECmtiVmZadkhQbFlzakRHZGw2eFlMZ1orMFVGN0h4STcxQ3p2azdULzB2RUg3MTZwRE9FNjhyVGJUcFFVandKbVMKWWlaL1hKMkxSbWFEVDNHUlBOMHJIZmFtSm8wc1MrTTVSN01tSW1HbHhVeWV1Szd3R1Z2cFQ0VzZZQ3d6Mnd6QgpJY3RDUDZvdVJHOUZadTU5YWdaWGhpcGVraitZb1hvTFQ4aGUxM0NjU1FKK1czL0JVYUZHTWMya3ZoTUFEWGo0Ck5rd3ZrR1U2WmptZW5hL1M5Yy80ZklhQlZ2ZEt0bTRaU0ZpTUE3WWtnUlRiNFBzUXBGL1ltZFRSQit5QzdwWTcKc3RaemlvT1FkbjMvTU9Qd0dNVXpxSUFJVnBqbjFxbGNjTDc4TkRsc0tqMldBNEp0M01nZnZTdzhSREVTWURRbwpIOHNIQTJoN2JmbDBmbytKSnlMVTFIY21LNFVWM3J5UVhPOWNMSHM1aDhiYWZxSHYvY2srcDkrVnd0VUdkdi92ClREb2xzWkxCY0Zsci9ENjNMTWQvMWJHVkxBZzJnajlNT2RUNUJrM3RxRFA4UmZsOW9Wei9UeVlVcjEwdG1mTWMKcnhqOEE2c3BVMVRJdEk5WnVMTEFFSkE9Ci0tLS0tRU5EIENFUlRJRklDQVRFLS0tLS0K"
              }
            ],
            "master_authorized_networks_config": [],
            "master_version": "1.24.9-gke.3200",
            "min_master_version": null,
            "monitoring_config": [
              {
                "enable_components": [
                  "SYSTEM_COMPONENTS"
                ]
              }
            ],
            "monitoring_service": "monitoring.googleapis.com/kubernetes",
            "name": "hammer-node-pool-non-preemptible",
            "network": "projects/acn-pt-sandbox-379816/global/networks/acn-pt-sandbox-379816-vpc",
            "network_policy": [
              {
                "enabled": false,
                "provider": "PROVIDER_UNSPECIFIED"
              }
            ],
            "networking_mode": "ROUTES",
            "node_config": [
              {
                "boot_disk_kms_key": "",
                "disk_size_gb": 50,
                "disk_type": "pd-balanced",
                "gcfs_config": [],
                "guest_accelerator": [],
                "gvnic": [],
                "image_type": "COS_CONTAINERD",
                "labels": {
                  "env": "acn-pt-sandbox-379816"
                },
                "local_ssd_count": 0,
                "machine_type": "n1-standard-1",
                "metadata": {
                  "disable-legacy-endpoints": "true"
                },
                "min_cpu_platform": "",
                "node_group": "",
                "oauth_scopes": [
                  "https://www.googleapis.com/auth/logging.write",
                  "https://www.googleapis.com/auth/monitoring"
                ],
                "preemptible": false,
                "service_account": "default",
                "shielded_instance_config": [
                  {
                    "enable_integrity_monitoring": true,
                    "enable_secure_boot": false
                  }
                ],
                "spot": false,
                "tags": [
                  "gke-node",
                  "hammer-node-pool-non-preemptible"
                ],
                "taint": [],
                "workload_metadata_config": []
              }
            ],
            "node_locations": [],
            "node_pool": [
              {
                "autoscaling": [
                  {
                    "max_node_count": 5,
                    "min_node_count": 1
                  }
                ],
                "initial_node_count": 1,
                "instance_group_urls": [
                  "https://www.googleapis.com/compute/v1/projects/acn-pt-sandbox-379816/zones/northamerica-northeast1-c/instanceGroupManagers/gke-hammer-node-pool-hammer-node-pool-f7526139-grp"
                ],
                "managed_instance_group_urls": [
                  "https://www.googleapis.com/compute/v1/projects/acn-pt-sandbox-379816/zones/northamerica-northeast1-c/instanceGroups/gke-hammer-node-pool-hammer-node-pool-f7526139-grp"
                ],
                "management": [
                  {
                    "auto_repair": true,
                    "auto_upgrade": true
                  }
                ],
                "max_pods_per_node": 0,
                "name": "hammer-node-pool-non-preemptible",
                "name_prefix": "",
                "node_config": [
                  {
                    "boot_disk_kms_key": "",
                    "disk_size_gb": 50,
                    "disk_type": "pd-balanced",
                    "gcfs_config": [],
                    "guest_accelerator": [],
                    "gvnic": [],
                    "image_type": "COS_CONTAINERD",
                    "labels": {
                      "env": "acn-pt-sandbox-379816"
                    },
                    "local_ssd_count": 0,
                    "machine_type": "n1-standard-1",
                    "metadata": {
                      "disable-legacy-endpoints": "true"
                    },
                    "min_cpu_platform": "",
                    "node_group": "",
                    "oauth_scopes": [
                      "https://www.googleapis.com/auth/logging.write",
                      "https://www.googleapis.com/auth/monitoring"
                    ],
                    "preemptible": false,
                    "service_account": "default",
                    "shielded_instance_config": [
                      {
                        "enable_integrity_monitoring": true,
                        "enable_secure_boot": false
                      }
                    ],
                    "spot": false,
                    "tags": [
                      "gke-node",
                      "hammer-node-pool-non-preemptible"
                    ],
                    "taint": [],
                    "workload_metadata_config": []
                  }
                ],
                "node_count": 4,
                "node_locations": [
                  "northamerica-northeast1-c"
                ],
                "upgrade_settings": [
                  {
                    "max_surge": 1,
                    "max_unavailable": 0
                  }
                ],
                "version": "1.24.9-gke.3200"
              }
            ],
            "node_version": "1.24.9-gke.3200",
            "operation": null,
            "private_cluster_config": [
              {
                "enable_private_endpoint": false,
                "enable_private_nodes": false,
                "master_global_access_config": [
                  {
                    "enabled": false
                  }
                ],
                "master_ipv4_cidr_block": "",
                "peering_name": "",
                "private_endpoint": "10.10.0.2",
                "public_endpoint": "35.203.24.239"
              }
            ],
            "private_ipv6_google_access": "",
            "project": "acn-pt-sandbox-379816",
            "release_channel": [
              {
                "channel": "REGULAR"
              }
            ],
            "remove_default_node_pool": true,
            "resource_labels": {},
            "resource_usage_export_config": [],
            "self_link": "https://container.googleapis.com/v1/projects/acn-pt-sandbox-379816/zones/northamerica-northeast1-c/clusters/hammer-node-pool-non-preemptible",
            "services_ipv4_cidr": "10.147.240.0/20",
            "subnetwork": "projects/acn-pt-sandbox-379816/regions/northamerica-northeast1/subnetworks/acn-pt-sandbox-379816-subnet",
            "timeouts": null,
            "tpu_ipv4_cidr_block": "",
            "vertical_pod_autoscaling": [],
            "workload_identity_config": []
          },
          "sensitive_attributes": [],
          "private": "eyJlMmJmYjczMC1lY2FhLTExZTYtOGY4OC0zNDM2M2JjN2M0YzAiOnsiY3JlYXRlIjoyNDAwMDAwMDAwMDAwLCJkZWxldGUiOjI0MDAwMDAwMDAwMDAsInJlYWQiOjI0MDAwMDAwMDAwMDAsInVwZGF0ZSI6MzYwMDAwMDAwMDAwMH0sInNjaGVtYV92ZXJzaW9uIjoiMSJ9",
          "dependencies": [
            "google_compute_network.vpc",
            "google_compute_subnetwork.subnet"
          ]
        }
      ]
    },
    {
      "mode": "managed",
      "type": "google_container_node_pool",
      "name": "primary_nodes",
      "provider": "provider[\"registry.terraform.io/hashicorp/google\"]",
      "instances": [
        {
          "schema_version": 1,
          "attributes": {
            "autoscaling": [
              {
                "max_node_count": 5,
                "min_node_count": 1
              }
            ],
            "cluster": "hammer-node-pool-non-preemptible",
            "id": "projects/acn-pt-sandbox-379816/locations/northamerica-northeast1-c/clusters/hammer-node-pool-non-preemptible/nodePools/hammer-node-pool-non-preemptible",
            "initial_node_count": 1,
            "instance_group_urls": [
              "https://www.googleapis.com/compute/v1/projects/acn-pt-sandbox-379816/zones/northamerica-northeast1-c/instanceGroupManagers/gke-hammer-node-pool-hammer-node-pool-bf65f732-grp"
            ],
            "location": "northamerica-northeast1-c",
            "managed_instance_group_urls": [
              "https://www.googleapis.com/compute/v1/projects/acn-pt-sandbox-379816/zones/northamerica-northeast1-c/instanceGroups/gke-hammer-node-pool-hammer-node-pool-bf65f732-grp"
            ],
            "management": [
              {
                "auto_repair": true,
                "auto_upgrade": true
              }
            ],
            "max_pods_per_node": null,
            "name": "hammer-node-pool-non-preemptible",
            "name_prefix": "",
            "node_config": [
              {
                "boot_disk_kms_key": "",
                "disk_size_gb": 50,
                "disk_type": "pd-balanced",
                "gcfs_config": [],
                "guest_accelerator": [],
                "gvnic": [],
                "image_type": "COS_CONTAINERD",
                "labels": {
                  "env": "acn-pt-sandbox-379816"
                },
                "local_ssd_count": 0,
                "machine_type": "n1-standard-2",
                "metadata": {
                  "disable-legacy-endpoints": "true"
                },
                "min_cpu_platform": "",
                "node_group": "",
                "oauth_scopes": [
                  "https://www.googleapis.com/auth/logging.write",
                  "https://www.googleapis.com/auth/monitoring"
                ],
                "preemptible": false,
                "service_account": "default",
                "shielded_instance_config": [
                  {
                    "enable_integrity_monitoring": true,
                    "enable_secure_boot": false
                  }
                ],
                "spot": false,
                "tags": [
                  "gke-node",
                  "hammer-node-pool-non-preemptible"
                ],
                "taint": [],
                "workload_metadata_config": []
              }
            ],
            "node_count": 1,
            "node_locations": [
              "northamerica-northeast1-c"
            ],
            "operation": null,
            "project": "acn-pt-sandbox-379816",
            "timeouts": null,
            "upgrade_settings": [
              {
                "max_surge": 1,
                "max_unavailable": 0
              }
            ],
            "version": "1.24.9-gke.3200"
          },
          "sensitive_attributes": [],
          "private": "eyJlMmJmYjczMC1lY2FhLTExZTYtOGY4OC0zNDM2M2JjN2M0YzAiOnsiY3JlYXRlIjoxODAwMDAwMDAwMDAwLCJkZWxldGUiOjE4MDAwMDAwMDAwMDAsInVwZGF0ZSI6MTgwMDAwMDAwMDAwMH0sInNjaGVtYV92ZXJzaW9uIjoiMSJ9",
          "dependencies": [
            "google_container_cluster.primary"
          ]
        }
      ]
    }
  ],
  "check_results": null
}
